
Microsoft Visual Studio Solution File, Format Version 12.00
# Visual Studio Version 17
VisualStudioVersion = 17.13.35913.81 d17.13
MinimumVisualStudioVersion = 10.0.40219.1
Project("{FAE04EC0-301F-11D3-BF4B-00C04F79EFBC}") = "Bucles", "Bucles\Bucles.csproj", "{D1D04CD6-55F4-4F23-8002-F16FF89FDF33}"
EndProject
Global
	GlobalSection(SolutionConfigurationPlatforms) = preSolution
		Debug|Any CPU = Debug|Any CPU
		Release|Any CPU = Release|Any CPU
	EndGlobalSection
	GlobalSection(ProjectConfigurationPlatforms) = postSolution
		{D1D04CD6-55F4-4F23-8002-F16FF89FDF33}.Debug|Any CPU.ActiveCfg = Debug|Any CPU
		{D1D04CD6-55F4-4F23-8002-F16FF89FDF33}.Debug|Any CPU.Build.0 = Debug|Any CPU
		{D1D04CD6-55F4-4F23-8002-F16FF89FDF33}.Release|Any CPU.ActiveCfg = Release|Any CPU
		{D1D04CD6-55F4-4F23-8002-F16FF89FDF33}.Release|Any CPU.Build.0 = Release|Any CPU
	EndGlobalSection
	GlobalSection(SolutionProperties) = preSolution
		HideSolutionNode = FALSE
	EndGlobalSection
	GlobalSection(ExtensibilityGlobals) = postSolution
		SolutionGuid = {F120B819-93A3-4268-AC68-1849CA82518E}
	EndGlobalSection
EndGlobal
