
Microsoft Visual Studio Solution File, Format Version 12.00
# Visual Studio Version 17
VisualStudioVersion = 17.13.35913.81 d17.13
MinimumVisualStudioVersion = 10.0.40219.1
Project("{FAE04EC0-301F-11D3-BF4B-00C04F79EFBC}") = "Practica con estructura de control", "Practica con estructura de control\Practica con estructura de control.csproj", "{724D8C68-9B22-4CB5-8179-92DA28627487}"
EndProject
Global
	GlobalSection(SolutionConfigurationPlatforms) = preSolution
		Debug|Any CPU = Debug|Any CPU
		Release|Any CPU = Release|Any CPU
	EndGlobalSection
	GlobalSection(ProjectConfigurationPlatforms) = postSolution
		{724D8C68-9B22-4CB5-8179-92DA28627487}.Debug|Any CPU.ActiveCfg = Debug|Any CPU
		{724D8C68-9B22-4CB5-8179-92DA28627487}.Debug|Any CPU.Build.0 = Debug|Any CPU
		{724D8C68-9B22-4CB5-8179-92DA28627487}.Release|Any CPU.ActiveCfg = Release|Any CPU
		{724D8C68-9B22-4CB5-8179-92DA28627487}.Release|Any CPU.Build.0 = Release|Any CPU
	EndGlobalSection
	GlobalSection(SolutionProperties) = preSolution
		HideSolutionNode = FALSE
	EndGlobalSection
	GlobalSection(ExtensibilityGlobals) = postSolution
		SolutionGuid = {9D310BD4-5B34-4508-8527-7E82B635A009}
	EndGlobalSection
EndGlobal
